
Microsoft Visual Studio Solution File, Format Version 12.00
# Visual Studio Version 17
VisualStudioVersion = 17.5.33502.453
MinimumVisualStudioVersion = 10.0.40219.1
Project("{FAE04EC0-301F-11D3-BF4B-00C04F79EFBC}") = "Course", "Course\Course.csproj", "{B6A81A52-F5C3-48FE-89D6-FE477C08354A}"
EndProject
Global
	GlobalSection(SolutionConfigurationPlatforms) = preSolution
		Debug|Any CPU = Debug|Any CPU
		Release|Any CPU = Release|Any CPU
	EndGlobalSection
	GlobalSection(ProjectConfigurationPlatforms) = postSolution
		{B6A81A52-F5C3-48FE-89D6-FE477C08354A}.Debug|Any CPU.ActiveCfg = Debug|Any CPU
		{B6A81A52-F5C3-48FE-89D6-FE477C08354A}.Debug|Any CPU.Build.0 = Debug|Any CPU
		{B6A81A52-F5C3-48FE-89D6-FE477C08354A}.Release|Any CPU.ActiveCfg = Release|Any CPU
		{B6A81A52-F5C3-48FE-89D6-FE477C08354A}.Release|Any CPU.Build.0 = Release|Any CPU
	EndGlobalSection
	GlobalSection(SolutionProperties) = preSolution
		HideSolutionNode = FALSE
	EndGlobalSection
	GlobalSection(ExtensibilityGlobals) = postSolution
		SolutionGuid = {4ED6EFBE-F627-4C04-8E3E-93528A421288}
	EndGlobalSection
EndGlobal
