
Microsoft Visual Studio Solution File, Format Version 12.00
# Visual Studio Version 17
VisualStudioVersion = 17.5.33502.453
MinimumVisualStudioVersion = 10.0.40219.1
Project("{FAE04EC0-301F-11D3-BF4B-00C04F79EFBC}") = "xadrez_console", "xadrez_console\xadrez_console.csproj", "{F6425FE6-6211-4ABB-BA47-8274F1265DDF}"
EndProject
Global
	GlobalSection(SolutionConfigurationPlatforms) = preSolution
		Debug|Any CPU = Debug|Any CPU
		Release|Any CPU = Release|Any CPU
	EndGlobalSection
	GlobalSection(ProjectConfigurationPlatforms) = postSolution
		{F6425FE6-6211-4ABB-BA47-8274F1265DDF}.Debug|Any CPU.ActiveCfg = Debug|Any CPU
		{F6425FE6-6211-4ABB-BA47-8274F1265DDF}.Debug|Any CPU.Build.0 = Debug|Any CPU
		{F6425FE6-6211-4ABB-BA47-8274F1265DDF}.Release|Any CPU.ActiveCfg = Release|Any CPU
		{F6425FE6-6211-4ABB-BA47-8274F1265DDF}.Release|Any CPU.Build.0 = Release|Any CPU
	EndGlobalSection
	GlobalSection(SolutionProperties) = preSolution
		HideSolutionNode = FALSE
	EndGlobalSection
	GlobalSection(ExtensibilityGlobals) = postSolution
		SolutionGuid = {0795BBFD-E8AE-4A06-8F2C-F6C460B71CB1}
	EndGlobalSection
EndGlobal
