
Microsoft Visual Studio Solution File, Format Version 12.00
# Visual Studio Version 17
VisualStudioVersion = 17.0.31903.59
MinimumVisualStudioVersion = 10.0.40219.1
Project("{9A19103F-16F7-4668-BE54-9A1E7A4F7556}") = "Course", "Course.csproj", "{9E634371-92BF-489F-82FE-DC2FB3E37318}"
EndProject
Global
	GlobalSection(SolutionConfigurationPlatforms) = preSolution
		Debug|Any CPU = Debug|Any CPU
		Release|Any CPU = Release|Any CPU
	EndGlobalSection
	GlobalSection(ProjectConfigurationPlatforms) = postSolution
		{9E634371-92BF-489F-82FE-DC2FB3E37318}.Debug|Any CPU.ActiveCfg = Debug|Any CPU
		{9E634371-92BF-489F-82FE-DC2FB3E37318}.Debug|Any CPU.Build.0 = Debug|Any CPU
		{9E634371-92BF-489F-82FE-DC2FB3E37318}.Release|Any CPU.ActiveCfg = Release|Any CPU
		{9E634371-92BF-489F-82FE-DC2FB3E37318}.Release|Any CPU.Build.0 = Release|Any CPU
	EndGlobalSection
	GlobalSection(SolutionProperties) = preSolution
		HideSolutionNode = FALSE
	EndGlobalSection
	GlobalSection(ExtensibilityGlobals) = postSolution
		SolutionGuid = {8DDC2FAF-A5CC-435A-A284-B834CEB3D479}
	EndGlobalSection
EndGlobal
