
Microsoft Visual Studio Solution File, Format Version 12.00
# Visual Studio Version 17
VisualStudioVersion = 17.5.33502.453
MinimumVisualStudioVersion = 10.0.40219.1
Project("{FAE04EC0-301F-11D3-BF4B-00C04F79EFBC}") = "Employees", "Employee\Employees.csproj", "{BC943A8E-C2BC-496C-9846-1AA451A2878D}"
EndProject
Global
	GlobalSection(SolutionConfigurationPlatforms) = preSolution
		Debug|Any CPU = Debug|Any CPU
		Release|Any CPU = Release|Any CPU
	EndGlobalSection
	GlobalSection(ProjectConfigurationPlatforms) = postSolution
		{BC943A8E-C2BC-496C-9846-1AA451A2878D}.Debug|Any CPU.ActiveCfg = Debug|Any CPU
		{BC943A8E-C2BC-496C-9846-1AA451A2878D}.Debug|Any CPU.Build.0 = Debug|Any CPU
		{BC943A8E-C2BC-496C-9846-1AA451A2878D}.Release|Any CPU.ActiveCfg = Release|Any CPU
		{BC943A8E-C2BC-496C-9846-1AA451A2878D}.Release|Any CPU.Build.0 = Release|Any CPU
	EndGlobalSection
	GlobalSection(SolutionProperties) = preSolution
		HideSolutionNode = FALSE
	EndGlobalSection
	GlobalSection(ExtensibilityGlobals) = postSolution
		SolutionGuid = {282F1FA7-2542-467F-B34E-37BAB05D71CD}
	EndGlobalSection
EndGlobal
