
Microsoft Visual Studio Solution File, Format Version 12.00
# Visual Studio Version 17
VisualStudioVersion = 17.5.33502.453
MinimumVisualStudioVersion = 10.0.40219.1
Project("{FAE04EC0-301F-11D3-BF4B-00C04F79EFBC}") = "Account", "Account\Account.csproj", "{9FD54611-8B99-47BF-81D8-F668670C86BE}"
EndProject
Global
	GlobalSection(SolutionConfigurationPlatforms) = preSolution
		Debug|Any CPU = Debug|Any CPU
		Release|Any CPU = Release|Any CPU
	EndGlobalSection
	GlobalSection(ProjectConfigurationPlatforms) = postSolution
		{9FD54611-8B99-47BF-81D8-F668670C86BE}.Debug|Any CPU.ActiveCfg = Debug|Any CPU
		{9FD54611-8B99-47BF-81D8-F668670C86BE}.Debug|Any CPU.Build.0 = Debug|Any CPU
		{9FD54611-8B99-47BF-81D8-F668670C86BE}.Release|Any CPU.ActiveCfg = Release|Any CPU
		{9FD54611-8B99-47BF-81D8-F668670C86BE}.Release|Any CPU.Build.0 = Release|Any CPU
	EndGlobalSection
	GlobalSection(SolutionProperties) = preSolution
		HideSolutionNode = FALSE
	EndGlobalSection
	GlobalSection(ExtensibilityGlobals) = postSolution
		SolutionGuid = {A1D1B4F8-A7B0-416C-A5A0-7429EC57BCB8}
	EndGlobalSection
EndGlobal
